// !$*UTF8*$!
{
	archiveVersion = 1;
	classes = {
	};
	objectVersion = 55;
	objects = {

/* Begin PBXBuildFile section */
		8EB9BE582739B12800804312 /* AppDelegate.swift in Sources */ = {isa = PBXBuildFile; fileRef = 8EB9BE572739B12800804312 /* AppDelegate.swift */; };
		8EB9BE5A2739B12800804312 /* SceneDelegate.swift in Sources */ = {isa = PBXBuildFile; fileRef = 8EB9BE592739B12800804312 /* SceneDelegate.swift */; };
		8EB9BE5F2739B12900804312 /* Main.storyboard in Resources */ = {isa = PBXBuildFile; fileRef = 8EB9BE5D2739B12900804312 /* Main.storyboard */; };
		8EB9BE612739B12D00804312 /* Assets.xcassets in Resources */ = {isa = PBXBuildFile; fileRef = 8EB9BE602739B12D00804312 /* Assets.xcassets */; };
		8EB9BE642739B12D00804312 /* LaunchScreen.storyboard in Resources */ = {isa = PBXBuildFile; fileRef = 8EB9BE622739B12D00804312 /* LaunchScreen.storyboard */; };
		8EB9BE6F2739B12E00804312 /* FeelingsfyTests.swift in Sources */ = {isa = PBXBuildFile; fileRef = 8EB9BE6E2739B12E00804312 /* FeelingsfyTests.swift */; };
		8EB9BE792739B12E00804312 /* FeelingsfyUITests.swift in Sources */ = {isa = PBXBuildFile; fileRef = 8EB9BE782739B12E00804312 /* FeelingsfyUITests.swift */; };
		8EB9BE7B2739B12E00804312 /* FeelingsfyUITestsLaunchTests.swift in Sources */ = {isa = PBXBuildFile; fileRef = 8EB9BE7A2739B12E00804312 /* FeelingsfyUITestsLaunchTests.swift */; };
		A46009352741D6BE0011330D /* LoginViewController.swift in Sources */ = {isa = PBXBuildFile; fileRef = A46009342741D6BE0011330D /* LoginViewController.swift */; };
		A46009372741D6D50011330D /* FeedViewController.swift in Sources */ = {isa = PBXBuildFile; fileRef = A46009362741D6D50011330D /* FeedViewController.swift */; };
/* End PBXBuildFile section */

/* Begin PBXContainerItemProxy section */
		8EB9BE6B2739B12E00804312 /* PBXContainerItemProxy */ = {
			isa = PBXContainerItemProxy;
			containerPortal = 8EB9BE4C2739B12800804312 /* Project object */;
			proxyType = 1;
			remoteGlobalIDString = 8EB9BE532739B12800804312;
			remoteInfo = Feelingsfy;
		};
		8EB9BE752739B12E00804312 /* PBXContainerItemProxy */ = {
			isa = PBXContainerItemProxy;
			containerPortal = 8EB9BE4C2739B12800804312 /* Project object */;
			proxyType = 1;
			remoteGlobalIDString = 8EB9BE532739B12800804312;
			remoteInfo = Feelingsfy;
		};
/* End PBXContainerItemProxy section */

/* Begin PBXFileReference section */
		8EB9BE542739B12800804312 /* Feelingsfy.app */ = {isa = PBXFileReference; explicitFileType = wrapper.application; includeInIndex = 0; path = Feelingsfy.app; sourceTree = BUILT_PRODUCTS_DIR; };
		8EB9BE572739B12800804312 /* AppDelegate.swift */ = {isa = PBXFileReference; lastKnownFileType = sourcecode.swift; path = AppDelegate.swift; sourceTree = "<group>"; };
		8EB9BE592739B12800804312 /* SceneDelegate.swift */ = {isa = PBXFileReference; lastKnownFileType = sourcecode.swift; path = SceneDelegate.swift; sourceTree = "<group>"; };
		8EB9BE5E2739B12900804312 /* Base */ = {isa = PBXFileReference; lastKnownFileType = file.storyboard; name = Base; path = Base.lproj/Main.storyboard; sourceTree = "<group>"; };
		8EB9BE602739B12D00804312 /* Assets.xcassets */ = {isa = PBXFileReference; lastKnownFileType = folder.assetcatalog; path = Assets.xcassets; sourceTree = "<group>"; };
		8EB9BE632739B12D00804312 /* Base */ = {isa = PBXFileReference; lastKnownFileType = file.storyboard; name = Base; path = Base.lproj/LaunchScreen.storyboard; sourceTree = "<group>"; };
		8EB9BE652739B12D00804312 /* Info.plist */ = {isa = PBXFileReference; lastKnownFileType = text.plist.xml; path = Info.plist; sourceTree = "<group>"; };
		8EB9BE6A2739B12E00804312 /* FeelingsfyTests.xctest */ = {isa = PBXFileReference; explicitFileType = wrapper.cfbundle; includeInIndex = 0; path = FeelingsfyTests.xctest; sourceTree = BUILT_PRODUCTS_DIR; };
		8EB9BE6E2739B12E00804312 /* FeelingsfyTests.swift */ = {isa = PBXFileReference; lastKnownFileType = sourcecode.swift; path = FeelingsfyTests.swift; sourceTree = "<group>"; };
		8EB9BE742739B12E00804312 /* FeelingsfyUITests.xctest */ = {isa = PBXFileReference; explicitFileType = wrapper.cfbundle; includeInIndex = 0; path = FeelingsfyUITests.xctest; sourceTree = BUILT_PRODUCTS_DIR; };
		8EB9BE782739B12E00804312 /* FeelingsfyUITests.swift */ = {isa = PBXFileReference; lastKnownFileType = sourcecode.swift; path = FeelingsfyUITests.swift; sourceTree = "<group>"; };
		8EB9BE7A2739B12E00804312 /* FeelingsfyUITestsLaunchTests.swift */ = {isa = PBXFileReference; lastKnownFileType = sourcecode.swift; path = FeelingsfyUITestsLaunchTests.swift; sourceTree = "<group>"; };
		A46009342741D6BE0011330D /* LoginViewController.swift */ = {isa = PBXFileReference; lastKnownFileType = sourcecode.swift; path = LoginViewController.swift; sourceTree = "<group>"; };
		A46009362741D6D50011330D /* FeedViewController.swift */ = {isa = PBXFileReference; lastKnownFileType = sourcecode.swift; path = FeedViewController.swift; sourceTree = "<group>"; };
/* End PBXFileReference section */

/* Begin PBXFrameworksBuildPhase section */
		8EB9BE512739B12800804312 /* Frameworks */ = {
			isa = PBXFrameworksBuildPhase;
			buildActionMask = 2147483647;
			files = (
			);
			runOnlyForDeploymentPostprocessing = 0;
		};
		8EB9BE672739B12E00804312 /* Frameworks */ = {
			isa = PBXFrameworksBuildPhase;
			buildActionMask = 2147483647;
			files = (
			);
			runOnlyForDeploymentPostprocessing = 0;
		};
		8EB9BE712739B12E00804312 /* Frameworks */ = {
			isa = PBXFrameworksBuildPhase;
			buildActionMask = 2147483647;
			files = (
			);
			runOnlyForDeploymentPostprocessing = 0;
		};
/* End PBXFrameworksBuildPhase section */

/* Begin PBXGroup section */
		8EB9BE4B2739B12800804312 = {
			isa = PBXGroup;
			children = (
				8EB9BE562739B12800804312 /* Feelingsfy */,
				8EB9BE6D2739B12E00804312 /* FeelingsfyTests */,
				8EB9BE772739B12E00804312 /* FeelingsfyUITests */,
				8EB9BE552739B12800804312 /* Products */,
			);
			sourceTree = "<group>";
		};
		8EB9BE552739B12800804312 /* Products */ = {
			isa = PBXGroup;
			children = (
				8EB9BE542739B12800804312 /* Feelingsfy.app */,
				8EB9BE6A2739B12E00804312 /* FeelingsfyTests.xctest */,
				8EB9BE742739B12E00804312 /* FeelingsfyUITests.xctest */,
			);
			name = Products;
			sourceTree = "<group>";
		};
		8EB9BE562739B12800804312 /* Feelingsfy */ = {
			isa = PBXGroup;
			children = (
				8EB9BE572739B12800804312 /* AppDelegate.swift */,
				8EB9BE592739B12800804312 /* SceneDelegate.swift */,
				8EB9BE5D2739B12900804312 /* Main.storyboard */,
				8EB9BE602739B12D00804312 /* Assets.xcassets */,
				8EB9BE622739B12D00804312 /* LaunchScreen.storyboard */,
				8EB9BE652739B12D00804312 /* Info.plist */,
				A46009342741D6BE0011330D /* LoginViewController.swift */,
				A46009362741D6D50011330D /* FeedViewController.swift */,
			);
			path = Feelingsfy;
			sourceTree = "<group>";
		};
		8EB9BE6D2739B12E00804312 /* FeelingsfyTests */ = {
			isa = PBXGroup;
			children = (
				8EB9BE6E2739B12E00804312 /* FeelingsfyTests.swift */,
			);
			path = FeelingsfyTests;
			sourceTree = "<group>";
		};
		8EB9BE772739B12E00804312 /* FeelingsfyUITests */ = {
			isa = PBXGroup;
			children = (
				8EB9BE782739B12E00804312 /* FeelingsfyUITests.swift */,
				8EB9BE7A2739B12E00804312 /* FeelingsfyUITestsLaunchTests.swift */,
			);
			path = FeelingsfyUITests;
			sourceTree = "<group>";
		};
/* End PBXGroup section */

/* Begin PBXNativeTarget section */
		8EB9BE532739B12800804312 /* Feelingsfy */ = {
			isa = PBXNativeTarget;
			buildConfigurationList = 8EB9BE7E2739B12E00804312 /* Build configuration list for PBXNativeTarget "Feelingsfy" */;
			buildPhases = (
				8EB9BE502739B12800804312 /* Sources */,
				8EB9BE512739B12800804312 /* Frameworks */,
				8EB9BE522739B12800804312 /* Resources */,
			);
			buildRules = (
			);
			dependencies = (
			);
			name = Feelingsfy;
			productName = Feelingsfy;
			productReference = 8EB9BE542739B12800804312 /* Feelingsfy.app */;
			productType = "com.apple.product-type.application";
		};
		8EB9BE692739B12E00804312 /* FeelingsfyTests */ = {
			isa = PBXNativeTarget;
			buildConfigurationList = 8EB9BE812739B12E00804312 /* Build configuration list for PBXNativeTarget "FeelingsfyTests" */;
			buildPhases = (
				8EB9BE662739B12E00804312 /* Sources */,
				8EB9BE672739B12E00804312 /* Frameworks */,
				8EB9BE682739B12E00804312 /* Resources */,
			);
			buildRules = (
			);
			dependencies = (
				8EB9BE6C2739B12E00804312 /* PBXTargetDependency */,
			);
			name = FeelingsfyTests;
			productName = FeelingsfyTests;
			productReference = 8EB9BE6A2739B12E00804312 /* FeelingsfyTests.xctest */;
			productType = "com.apple.product-type.bundle.unit-test";
		};
		8EB9BE732739B12E00804312 /* FeelingsfyUITests */ = {
			isa = PBXNativeTarget;
			buildConfigurationList = 8EB9BE842739B12E00804312 /* Build configuration list for PBXNativeTarget "FeelingsfyUITests" */;
			buildPhases = (
				8EB9BE702739B12E00804312 /* Sources */,
				8EB9BE712739B12E00804312 /* Frameworks */,
				8EB9BE722739B12E00804312 /* Resources */,
			);
			buildRules = (
			);
			dependencies = (
				8EB9BE762739B12E00804312 /* PBXTargetDependency */,
			);
			name = FeelingsfyUITests;
			productName = FeelingsfyUITests;
			productReference = 8EB9BE742739B12E00804312 /* FeelingsfyUITests.xctest */;
			productType = "com.apple.product-type.bundle.ui-testing";
		};
/* End PBXNativeTarget section */

/* Begin PBXProject section */
		8EB9BE4C2739B12800804312 /* Project object */ = {
			isa = PBXProject;
			attributes = {
				BuildIndependentTargetsInParallel = 1;
				LastSwiftUpdateCheck = 1310;
				LastUpgradeCheck = 1310;
				TargetAttributes = {
					8EB9BE532739B12800804312 = {
						CreatedOnToolsVersion = 13.1;
					};
					8EB9BE692739B12E00804312 = {
						CreatedOnToolsVersion = 13.1;
						TestTargetID = 8EB9BE532739B12800804312;
					};
					8EB9BE732739B12E00804312 = {
						CreatedOnToolsVersion = 13.1;
						TestTargetID = 8EB9BE532739B12800804312;
					};
				};
			};
			buildConfigurationList = 8EB9BE4F2739B12800804312 /* Build configuration list for PBXProject "Feelingsfy" */;
			compatibilityVersion = "Xcode 13.0";
			developmentRegion = en;
			hasScannedForEncodings = 0;
			knownRegions = (
				en,
				Base,
			);
			mainGroup = 8EB9BE4B2739B12800804312;
			productRefGroup = 8EB9BE552739B12800804312 /* Products */;
			projectDirPath = "";
			projectRoot = "";
			targets = (
				8EB9BE532739B12800804312 /* Feelingsfy */,
				8EB9BE692739B12E00804312 /* FeelingsfyTests */,
				8EB9BE732739B12E00804312 /* FeelingsfyUITests */,
			);
		};
/* End PBXProject section */

/* Begin PBXResourcesBuildPhase section */
		8EB9BE522739B12800804312 /* Resources */ = {
			isa = PBXResourcesBuildPhase;
			buildActionMask = 2147483647;
			files = (
				8EB9BE642739B12D00804312 /* LaunchScreen.storyboard in Resources */,
				8EB9BE612739B12D00804312 /* Assets.xcassets in Resources */,
				8EB9BE5F2739B12900804312 /* Main.storyboard in Resources */,
			);
			runOnlyForDeploymentPostprocessing = 0;
		};
		8EB9BE682739B12E00804312 /* Resources */ = {
			isa = PBXResourcesBuildPhase;
			buildActionMask = 2147483647;
			files = (
			);
			runOnlyForDeploymentPostprocessing = 0;
		};
		8EB9BE722739B12E00804312 /* Resources */ = {
			isa = PBXResourcesBuildPhase;
			buildActionMask = 2147483647;
			files = (
			);
			runOnlyForDeploymentPostprocessing = 0;
		};
/* End PBXResourcesBuildPhase section */

/* Begin PBXSourcesBuildPhase section */
		8EB9BE502739B12800804312 /* Sources */ = {
			isa = PBXSourcesBuildPhase;
			buildActionMask = 2147483647;
			files = (
				A46009352741D6BE0011330D /* LoginViewController.swift in Sources */,
				8EB9BE582739B12800804312 /* AppDelegate.swift in Sources */,
				A46009372741D6D50011330D /* FeedViewController.swift in Sources */,
				8EB9BE5A2739B12800804312 /* SceneDelegate.swift in Sources */,
			);
			runOnlyForDeploymentPostprocessing = 0;
		};
		8EB9BE662739B12E00804312 /* Sources */ = {
			isa = PBXSourcesBuildPhase;
			buildActionMask = 2147483647;
			files = (
				8EB9BE6F2739B12E00804312 /* FeelingsfyTests.swift in Sources */,
			);
			runOnlyForDeploymentPostprocessing = 0;
		};
		8EB9BE702739B12E00804312 /* Sources */ = {
			isa = PBXSourcesBuildPhase;
			buildActionMask = 2147483647;
			files = (
				8EB9BE7B2739B12E00804312 /* FeelingsfyUITestsLaunchTests.swift in Sources */,
				8EB9BE792739B12E00804312 /* FeelingsfyUITests.swift in Sources */,
			);
			runOnlyForDeploymentPostprocessing = 0;
		};
/* End PBXSourcesBuildPhase section */

/* Begin PBXTargetDependency section */
		8EB9BE6C2739B12E00804312 /* PBXTargetDependency */ = {
			isa = PBXTargetDependency;
			target = 8EB9BE532739B12800804312 /* Feelingsfy */;
			targetProxy = 8EB9BE6B2739B12E00804312 /* PBXContainerItemProxy */;
		};
		8EB9BE762739B12E00804312 /* PBXTargetDependency */ = {
			isa = PBXTargetDependency;
			target = 8EB9BE532739B12800804312 /* Feelingsfy */;
			targetProxy = 8EB9BE752739B12E00804312 /* PBXContainerItemProxy */;
		};
/* End PBXTargetDependency section */

/* Begin PBXVariantGroup section */
		8EB9BE5D2739B12900804312 /* Main.storyboard */ = {
			isa = PBXVariantGroup;
			children = (
				8EB9BE5E2739B12900804312 /* Base */,
			);
			name = Main.storyboard;
			sourceTree = "<group>";
		};
		8EB9BE622739B12D00804312 /* LaunchScreen.storyboard */ = {
			isa = PBXVariantGroup;
			children = (
				8EB9BE632739B12D00804312 /* Base */,
			);
			name = LaunchScreen.storyboard;
			sourceTree = "<group>";
		};
/* End PBXVariantGroup section */

/* Begin XCBuildConfiguration section */
		8EB9BE7C2739B12E00804312 /* Debug */ = {
			isa = XCBuildConfiguration;
			buildSettings = {
				ALWAYS_SEARCH_USER_PATHS = NO;
				CLANG_ANALYZER_NONNULL = YES;
				CLANG_ANALYZER_NUMBER_OBJECT_CONVERSION = YES_AGGRESSIVE;
				CLANG_CXX_LANGUAGE_STANDARD = "gnu++17";
				CLANG_CXX_LIBRARY = "libc++";
				CLANG_ENABLE_MODULES = YES;
				CLANG_ENABLE_OBJC_ARC = YES;
				CLANG_ENABLE_OBJC_WEAK = YES;
				CLANG_WARN_BLOCK_CAPTURE_AUTORELEASING = YES;
				CLANG_WARN_BOOL_CONVERSION = YES;
				CLANG_WARN_COMMA = YES;
				CLANG_WARN_CONSTANT_CONVERSION = YES;
				CLANG_WARN_DEPRECATED_OBJC_IMPLEMENTATIONS = YES;
				CLANG_WARN_DIRECT_OBJC_ISA_USAGE = YES_ERROR;
				CLANG_WARN_DOCUMENTATION_COMMENTS = YES;
				CLANG_WARN_EMPTY_BODY = YES;
				CLANG_WARN_ENUM_CONVERSION = YES;
				CLANG_WARN_INFINITE_RECURSION = YES;
				CLANG_WARN_INT_CONVERSION = YES;
				CLANG_WARN_NON_LITERAL_NULL_CONVERSION = YES;
				CLANG_WARN_OBJC_IMPLICIT_RETAIN_SELF = YES;
				CLANG_WARN_OBJC_LITERAL_CONVERSION = YES;
				CLANG_WARN_OBJC_ROOT_CLASS = YES_ERROR;
				CLANG_WARN_QUOTED_INCLUDE_IN_FRAMEWORK_HEADER = YES;
				CLANG_WARN_RANGE_LOOP_ANALYSIS = YES;
				CLANG_WARN_STRICT_PROTOTYPES = YES;
				CLANG_WARN_SUSPICIOUS_MOVE = YES;
				CLANG_WARN_UNGUARDED_AVAILABILITY = YES_AGGRESSIVE;
				CLANG_WARN_UNREACHABLE_CODE = YES;
				CLANG_WARN__DUPLICATE_METHOD_MATCH = YES;
				COPY_PHASE_STRIP = NO;
				DEBUG_INFORMATION_FORMAT = dwarf;
				ENABLE_STRICT_OBJC_MSGSEND = YES;
				ENABLE_TESTABILITY = YES;
				GCC_C_LANGUAGE_STANDARD = gnu11;
				GCC_DYNAMIC_NO_PIC = NO;
				GCC_NO_COMMON_BLOCKS = YES;
				GCC_OPTIMIZATION_LEVEL = 0;
				GCC_PREPROCESSOR_DEFINITIONS = (
					"DEBUG=1",
					"$(inherited)",
				);
				GCC_WARN_64_TO_32_BIT_CONVERSION = YES;
				GCC_WARN_ABOUT_RETURN_TYPE = YES_ERROR;
				GCC_WARN_UNDECLARED_SELECTOR = YES;
				GCC_WARN_UNINITIALIZED_AUTOS = YES_AGGRESSIVE;
				GCC_WARN_UNUSED_FUNCTION = YES;
				GCC_WARN_UNUSED_VARIABLE = YES;
				IPHONEOS_DEPLOYMENT_TARGET = 15.0;
				MTL_ENABLE_DEBUG_INFO = INCLUDE_SOURCE;
				MTL_FAST_MATH = YES;
				ONLY_ACTIVE_ARCH = YES;
				SDKROOT = iphoneos;
				SWIFT_ACTIVE_COMPILATION_CONDITIONS = DEBUG;
				SWIFT_OPTIMIZATION_LEVEL = "-Onone";
			};
			name = Debug;
		};
		8EB9BE7D2739B12E00804312 /* Release */ = {
			isa = XCBuildConfiguration;
			buildSettings = {
				ALWAYS_SEARCH_USER_PATHS = NO;
				CLANG_ANALYZER_NONNULL = YES;
				CLANG_ANALYZER_NUMBER_OBJECT_CONVERSION = YES_AGGRESSIVE;
				CLANG_CXX_LANGUAGE_STANDARD = "gnu++17";
				CLANG_CXX_LIBRARY = "libc++";
				CLANG_ENABLE_MODULES = YES;
				CLANG_ENABLE_OBJC_ARC = YES;
				CLANG_ENABLE_OBJC_WEAK = YES;
				CLANG_WARN_BLOCK_CAPTURE_AUTORELEASING = YES;
				CLANG_WARN_BOOL_CONVERSION = YES;
				CLANG_WARN_COMMA = YES;
				CLANG_WARN_CONSTANT_CONVERSION = YES;
				CLANG_WARN_DEPRECATED_OBJC_IMPLEMENTATIONS = YES;
				CLANG_WARN_DIRECT_OBJC_ISA_USAGE = YES_ERROR;
				CLANG_WARN_DOCUMENTATION_COMMENTS = YES;
				CLANG_WARN_EMPTY_BODY = YES;
				CLANG_WARN_ENUM_CONVERSION = YES;
				CLANG_WARN_INFINITE_RECURSION = YES;
				CLANG_WARN_INT_CONVERSION = YES;
				CLANG_WARN_NON_LITERAL_NULL_CONVERSION = YES;
				CLANG_WARN_OBJC_IMPLICIT_RETAIN_SELF = YES;
				CLANG_WARN_OBJC_LITERAL_CONVERSION = YES;
				CLANG_WARN_OBJC_ROOT_CLASS = YES_ERROR;
				CLANG_WARN_QUOTED_INCLUDE_IN_FRAMEWORK_HEADER = YES;
				CLANG_WARN_RANGE_LOOP_ANALYSIS = YES;
				CLANG_WARN_STRICT_PROTOTYPES = YES;
				CLANG_WARN_SUSPICIOUS_MOVE = YES;
				CLANG_WARN_UNGUARDED_AVAILABILITY = YES_AGGRESSIVE;
				CLANG_WARN_UNREACHABLE_CODE = YES;
				CLANG_WARN__DUPLICATE_METHOD_MATCH = YES;
				COPY_PHASE_STRIP = NO;
				DEBUG_INFORMATION_FORMAT = "dwarf-with-dsym";
				ENABLE_NS_ASSERTIONS = NO;
				ENABLE_STRICT_OBJC_MSGSEND = YES;
				GCC_C_LANGUAGE_STANDARD = gnu11;
				GCC_NO_COMMON_BLOCKS = YES;
				GCC_WARN_64_TO_32_BIT_CONVERSION = YES;
				GCC_WARN_ABOUT_RETURN_TYPE = YES_ERROR;
				GCC_WARN_UNDECLARED_SELECTOR = YES;
				GCC_WARN_UNINITIALIZED_AUTOS = YES_AGGRESSIVE;
				GCC_WARN_UNUSED_FUNCTION = YES;
				GCC_WARN_UNUSED_VARIABLE = YES;
				IPHONEOS_DEPLOYMENT_TARGET = 15.0;
				MTL_ENABLE_DEBUG_INFO = NO;
				MTL_FAST_MATH = YES;
				SDKROOT = iphoneos;
				SWIFT_COMPILATION_MODE = wholemodule;
				SWIFT_OPTIMIZATION_LEVEL = "-O";
				VALIDATE_PRODUCT = YES;
			};
			name = Release;
		};
		8EB9BE7F2739B12E00804312 /* Debug */ = {
			isa = XCBuildConfiguration;
			buildSettings = {
				ASSETCATALOG_COMPILER_APPICON_NAME = AppIcon;
				ASSETCATALOG_COMPILER_GLOBAL_ACCENT_COLOR_NAME = AccentColor;
				CODE_SIGN_STYLE = Automatic;
				CURRENT_PROJECT_VERSION = 1;
				GENERATE_INFOPLIST_FILE = YES;
				INFOPLIST_FILE = Feelingsfy/Info.plist;
				INFOPLIST_KEY_UIApplicationSupportsIndirectInputEvents = YES;
				INFOPLIST_KEY_UILaunchStoryboardName = LaunchScreen;
				INFOPLIST_KEY_UIMainStoryboardFile = Main;
				INFOPLIST_KEY_UISupportedInterfaceOrientations_iPad = "UIInterfaceOrientationPortrait UIInterfaceOrientationPortraitUpsideDown UIInterfaceOrientationLandscapeLeft UIInterfaceOrientationLandscapeRight";
				INFOPLIST_KEY_UISupportedInterfaceOrientations_iPhone = "UIInterfaceOrientationPortrait UIInterfaceOrientationLandscapeLeft UIInterfaceOrientationLandscapeRight";
				LD_RUNPATH_SEARCH_PATHS = (
					"$(inherited)",
					"@executable_path/Frameworks",
				);
				MARKETING_VERSION = 1.0;
				PRODUCT_BUNDLE_IDENTIFIER = com.example.Feelingsfy;
				PRODUCT_NAME = "$(TARGET_NAME)";
				SWIFT_EMIT_LOC_STRINGS = YES;
				SWIFT_VERSION = 5.0;
				TARGETED_DEVICE_FAMILY = "1,2";
			};
			name = Debug;
		};
		8EB9BE802739B12E00804312 /* Release */ = {
			isa = XCBuildConfiguration;
			buildSettings = {
				ASSETCATALOG_COMPILER_APPICON_NAME = AppIcon;
				ASSETCATALOG_COMPILER_GLOBAL_ACCENT_COLOR_NAME = AccentColor;
				CODE_SIGN_STYLE = Automatic;
				CURRENT_PROJECT_VERSION = 1;
				GENERATE_INFOPLIST_FILE = YES;
				INFOPLIST_FILE = Feelingsfy/Info.plist;
				INFOPLIST_KEY_UIApplicationSupportsIndirectInputEvents = YES;
				INFOPLIST_KEY_UILaunchStoryboardName = LaunchScreen;
				INFOPLIST_KEY_UIMainStoryboardFile = Main;
				INFOPLIST_KEY_UISupportedInterfaceOrientations_iPad = "UIInterfaceOrientationPortrait UIInterfaceOrientationPortraitUpsideDown UIInterfaceOrientationLandscapeLeft UIInterfaceOrientationLandscapeRight";
				INFOPLIST_KEY_UISupportedInterfaceOrientations_iPhone = "UIInterfaceOrientationPortrait UIInterfaceOrientationLandscapeLeft UIInterfaceOrientationLandscapeRight";
				LD_RUNPATH_SEARCH_PATHS = (
					"$(inherited)",
					"@executable_path/Frameworks",
				);
				MARKETING_VERSION = 1.0;
				PRODUCT_BUNDLE_IDENTIFIER = com.example.Feelingsfy;
				PRODUCT_NAME = "$(TARGET_NAME)";
				SWIFT_EMIT_LOC_STRINGS = YES;
				SWIFT_VERSION = 5.0;
				TARGETED_DEVICE_FAMILY = "1,2";
			};
			name = Release;
		};
		8EB9BE822739B12E00804312 /* Debug */ = {
			isa = XCBuildConfiguration;
			buildSettings = {
				ALWAYS_EMBED_SWIFT_STANDARD_LIBRARIES = YES;
				BUNDLE_LOADER = "$(TEST_HOST)";
				CODE_SIGN_STYLE = Automatic;
				CURRENT_PROJECT_VERSION = 1;
				GENERATE_INFOPLIST_FILE = YES;
				IPHONEOS_DEPLOYMENT_TARGET = 15.0;
				LD_RUNPATH_SEARCH_PATHS = (
					"$(inherited)",
					"@executable_path/Frameworks",
					"@loader_path/Frameworks",
				);
				MARKETING_VERSION = 1.0;
				PRODUCT_BUNDLE_IDENTIFIER = com.example.FeelingsfyTests;
				PRODUCT_NAME = "$(TARGET_NAME)";
				SWIFT_EMIT_LOC_STRINGS = NO;
				SWIFT_VERSION = 5.0;
				TARGETED_DEVICE_FAMILY = "1,2";
				TEST_HOST = "$(BUILT_PRODUCTS_DIR)/Feelingsfy.app/Feelingsfy";
			};
			name = Debug;
		};
		8EB9BE832739B12E00804312 /* Release */ = {
			isa = XCBuildConfiguration;
			buildSettings = {
				ALWAYS_EMBED_SWIFT_STANDARD_LIBRARIES = YES;
				BUNDLE_LOADER = "$(TEST_HOST)";
				CODE_SIGN_STYLE = Automatic;
				CURRENT_PROJECT_VERSION = 1;
				GENERATE_INFOPLIST_FILE = YES;
				IPHONEOS_DEPLOYMENT_TARGET = 15.0;
				LD_RUNPATH_SEARCH_PATHS = (
					"$(inherited)",
					"@executable_path/Frameworks",
					"@loader_path/Frameworks",
				);
				MARKETING_VERSION = 1.0;
				PRODUCT_BUNDLE_IDENTIFIER = com.example.FeelingsfyTests;
				PRODUCT_NAME = "$(TARGET_NAME)";
				SWIFT_EMIT_LOC_STRINGS = NO;
				SWIFT_VERSION = 5.0;
				TARGETED_DEVICE_FAMILY = "1,2";
				TEST_HOST = "$(BUILT_PRODUCTS_DIR)/Feelingsfy.app/Feelingsfy";
			};
			name = Release;
		};
		8EB9BE852739B12E00804312 /* Debug */ = {
			isa = XCBuildConfiguration;
			buildSettings = {
				ALWAYS_EMBED_SWIFT_STANDARD_LIBRARIES = YES;
				CODE_SIGN_STYLE = Automatic;
				CURRENT_PROJECT_VERSION = 1;
				GENERATE_INFOPLIST_FILE = YES;
				LD_RUNPATH_SEARCH_PATHS = (
					"$(inherited)",
					"@executable_path/Frameworks",
					"@loader_path/Frameworks",
				);
				MARKETING_VERSION = 1.0;
				PRODUCT_BUNDLE_IDENTIFIER = com.example.FeelingsfyUITests;
				PRODUCT_NAME = "$(TARGET_NAME)";
				SWIFT_EMIT_LOC_STRINGS = NO;
				SWIFT_VERSION = 5.0;
				TARGETED_DEVICE_FAMILY = "1,2";
				TEST_TARGET_NAME = Feelingsfy;
			};
			name = Debug;
		};
		8EB9BE862739B12E00804312 /* Release */ = {
			isa = XCBuildConfiguration;
			buildSettings = {
				ALWAYS_EMBED_SWIFT_STANDARD_LIBRARIES = YES;
				CODE_SIGN_STYLE = Automatic;
				CURRENT_PROJECT_VERSION = 1;
				GENERATE_INFOPLIST_FILE = YES;
				LD_RUNPATH_SEARCH_PATHS = (
					"$(inherited)",
					"@executable_path/Frameworks",
					"@loader_path/Frameworks",
				);
				MARKETING_VERSION = 1.0;
				PRODUCT_BUNDLE_IDENTIFIER = com.example.FeelingsfyUITests;
				PRODUCT_NAME = "$(TARGET_NAME)";
				SWIFT_EMIT_LOC_STRINGS = NO;
				SWIFT_VERSION = 5.0;
				TARGETED_DEVICE_FAMILY = "1,2";
				TEST_TARGET_NAME = Feelingsfy;
			};
			name = Release;
		};
/* End XCBuildConfiguration section */

/* Begin XCConfigurationList section */
		8EB9BE4F2739B12800804312 /* Build configuration list for PBXProject "Feelingsfy" */ = {
			isa = XCConfigurationList;
			buildConfigurations = (
				8EB9BE7C2739B12E00804312 /* Debug */,
				8EB9BE7D2739B12E00804312 /* Release */,
			);
			defaultConfigurationIsVisible = 0;
			defaultConfigurationName = Release;
		};
		8EB9BE7E2739B12E00804312 /* Build configuration list for PBXNativeTarget "Feelingsfy" */ = {
			isa = XCConfigurationList;
			buildConfigurations = (
				8EB9BE7F2739B12E00804312 /* Debug */,
				8EB9BE802739B12E00804312 /* Release */,
			);
			defaultConfigurationIsVisible = 0;
			defaultConfigurationName = Release;
		};
		8EB9BE812739B12E00804312 /* Build configuration list for PBXNativeTarget "FeelingsfyTests" */ = {
			isa = XCConfigurationList;
			buildConfigurations = (
				8EB9BE822739B12E00804312 /* Debug */,
				8EB9BE832739B12E00804312 /* Release */,
			);
			defaultConfigurationIsVisible = 0;
			defaultConfigurationName = Release;
		};
		8EB9BE842739B12E00804312 /* Build configuration list for PBXNativeTarget "FeelingsfyUITests" */ = {
			isa = XCConfigurationList;
			buildConfigurations = (
				8EB9BE852739B12E00804312 /* Debug */,
				8EB9BE862739B12E00804312 /* Release */,
			);
			defaultConfigurationIsVisible = 0;
			defaultConfigurationName = Release;
		};
/* End XCConfigurationList section */
	};
	rootObject = 8EB9BE4C2739B12800804312 /* Project object */;
}
