// !$*UTF8*$!
{
	archiveVersion = 1;
	classes = {
	};
	objectVersion = 55;
	objects = {

/* Begin PBXBuildFile section */
		46895BA0B66E31EC9AEB0555 /* Pods_Feelingsfy_FeelingsfyUITests.framework in Frameworks */ = {isa = PBXBuildFile; fileRef = 0F0DDA960D126BAE0B8E79C6 /* Pods_Feelingsfy_FeelingsfyUITests.framework */; };
		8EB9BE582739B12800804312 /* AppDelegate.swift in Sources */ = {isa = PBXBuildFile; fileRef = 8EB9BE572739B12800804312 /* AppDelegate.swift */; };
		8EB9BE5A2739B12800804312 /* SceneDelegate.swift in Sources */ = {isa = PBXBuildFile; fileRef = 8EB9BE592739B12800804312 /* SceneDelegate.swift */; };
		8EB9BE5F2739B12900804312 /* Main.storyboard in Resources */ = {isa = PBXBuildFile; fileRef = 8EB9BE5D2739B12900804312 /* Main.storyboard */; };
		8EB9BE612739B12D00804312 /* Assets.xcassets in Resources */ = {isa = PBXBuildFile; fileRef = 8EB9BE602739B12D00804312 /* Assets.xcassets */; };
		8EB9BE642739B12D00804312 /* LaunchScreen.storyboard in Resources */ = {isa = PBXBuildFile; fileRef = 8EB9BE622739B12D00804312 /* LaunchScreen.storyboard */; };
		8EB9BE6F2739B12E00804312 /* FeelingsfyTests.swift in Sources */ = {isa = PBXBuildFile; fileRef = 8EB9BE6E2739B12E00804312 /* FeelingsfyTests.swift */; };
		8EB9BE792739B12E00804312 /* FeelingsfyUITests.swift in Sources */ = {isa = PBXBuildFile; fileRef = 8EB9BE782739B12E00804312 /* FeelingsfyUITests.swift */; };
		8EB9BE7B2739B12E00804312 /* FeelingsfyUITestsLaunchTests.swift in Sources */ = {isa = PBXBuildFile; fileRef = 8EB9BE7A2739B12E00804312 /* FeelingsfyUITestsLaunchTests.swift */; };
		9D82416CB753665C465F66E2 /* Pods_Feelingsfy.framework in Frameworks */ = {isa = PBXBuildFile; fileRef = EDFD9DA2E9D858E5476B3567 /* Pods_Feelingsfy.framework */; };
		A44CFCA6274B08CF00960B72 /* SpotifyiOS.framework in Frameworks */ = {isa = PBXBuildFile; fileRef = A44CFCA5274B08CE00960B72 /* SpotifyiOS.framework */; };
		A45C814927445EBD0038C6D0 /* SpotifyLoginViewController.swift in Sources */ = {isa = PBXBuildFile; fileRef = A45C814827445EBD0038C6D0 /* SpotifyLoginViewController.swift */; };
		A45C814B27446A070038C6D0 /* Constants.swift in Sources */ = {isa = PBXBuildFile; fileRef = A45C814A27446A060038C6D0 /* Constants.swift */; };
		A46009352741D6BE0011330D /* LoginViewController.swift in Sources */ = {isa = PBXBuildFile; fileRef = A46009342741D6BE0011330D /* LoginViewController.swift */; };
		A46009372741D6D50011330D /* FeedViewController.swift in Sources */ = {isa = PBXBuildFile; fileRef = A46009362741D6D50011330D /* FeedViewController.swift */; };
		C65C76C527938DBE9FB76CCB /* Pods_FeelingsfyTests.framework in Frameworks */ = {isa = PBXBuildFile; fileRef = DB52CDA1995A9703377F137D /* Pods_FeelingsfyTests.framework */; };
/* End PBXBuildFile section */

/* Begin PBXContainerItemProxy section */
		8EB9BE6B2739B12E00804312 /* PBXContainerItemProxy */ = {
			isa = PBXContainerItemProxy;
			containerPortal = 8EB9BE4C2739B12800804312 /* Project object */;
			proxyType = 1;
			remoteGlobalIDString = 8EB9BE532739B12800804312;
			remoteInfo = Feelingsfy;
		};
		8EB9BE752739B12E00804312 /* PBXContainerItemProxy */ = {
			isa = PBXContainerItemProxy;
			containerPortal = 8EB9BE4C2739B12800804312 /* Project object */;
			proxyType = 1;
			remoteGlobalIDString = 8EB9BE532739B12800804312;
			remoteInfo = Feelingsfy;
		};
/* End PBXContainerItemProxy section */

/* Begin PBXFileReference section */
		0F0DDA960D126BAE0B8E79C6 /* Pods_Feelingsfy_FeelingsfyUITests.framework */ = {isa = PBXFileReference; explicitFileType = wrapper.framework; includeInIndex = 0; path = Pods_Feelingsfy_FeelingsfyUITests.framework; sourceTree = BUILT_PRODUCTS_DIR; };
		11FD1F5C46D3481F3779B470 /* Pods-Feelingsfy.release.xcconfig */ = {isa = PBXFileReference; includeInIndex = 1; lastKnownFileType = text.xcconfig; name = "Pods-Feelingsfy.release.xcconfig"; path = "Target Support Files/Pods-Feelingsfy/Pods-Feelingsfy.release.xcconfig"; sourceTree = "<group>"; };
		271327BF3A631FDFD2D3BA0F /* Pods-FeelingsfyTests.debug.xcconfig */ = {isa = PBXFileReference; includeInIndex = 1; lastKnownFileType = text.xcconfig; name = "Pods-FeelingsfyTests.debug.xcconfig"; path = "Target Support Files/Pods-FeelingsfyTests/Pods-FeelingsfyTests.debug.xcconfig"; sourceTree = "<group>"; };
		786F519F3694667BA196C0B3 /* Pods-Feelingsfy-FeelingsfyUITests.release.xcconfig */ = {isa = PBXFileReference; includeInIndex = 1; lastKnownFileType = text.xcconfig; name = "Pods-Feelingsfy-FeelingsfyUITests.release.xcconfig"; path = "Target Support Files/Pods-Feelingsfy-FeelingsfyUITests/Pods-Feelingsfy-FeelingsfyUITests.release.xcconfig"; sourceTree = "<group>"; };
		89FDCE028F5E8272DA6CD93F /* Pods-FeelingsfyTests.release.xcconfig */ = {isa = PBXFileReference; includeInIndex = 1; lastKnownFileType = text.xcconfig; name = "Pods-FeelingsfyTests.release.xcconfig"; path = "Target Support Files/Pods-FeelingsfyTests/Pods-FeelingsfyTests.release.xcconfig"; sourceTree = "<group>"; };
		8EB9BE542739B12800804312 /* Feelingsfy.app */ = {isa = PBXFileReference; explicitFileType = wrapper.application; includeInIndex = 0; path = Feelingsfy.app; sourceTree = BUILT_PRODUCTS_DIR; };
		8EB9BE572739B12800804312 /* AppDelegate.swift */ = {isa = PBXFileReference; lastKnownFileType = sourcecode.swift; path = AppDelegate.swift; sourceTree = "<group>"; };
		8EB9BE592739B12800804312 /* SceneDelegate.swift */ = {isa = PBXFileReference; lastKnownFileType = sourcecode.swift; path = SceneDelegate.swift; sourceTree = "<group>"; };
		8EB9BE5E2739B12900804312 /* Base */ = {isa = PBXFileReference; lastKnownFileType = file.storyboard; name = Base; path = Base.lproj/Main.storyboard; sourceTree = "<group>"; };
		8EB9BE602739B12D00804312 /* Assets.xcassets */ = {isa = PBXFileReference; lastKnownFileType = folder.assetcatalog; path = Assets.xcassets; sourceTree = "<group>"; };
		8EB9BE632739B12D00804312 /* Base */ = {isa = PBXFileReference; lastKnownFileType = file.storyboard; name = Base; path = Base.lproj/LaunchScreen.storyboard; sourceTree = "<group>"; };
		8EB9BE652739B12D00804312 /* Info.plist */ = {isa = PBXFileReference; lastKnownFileType = text.plist.xml; path = Info.plist; sourceTree = "<group>"; };
		8EB9BE6A2739B12E00804312 /* FeelingsfyTests.xctest */ = {isa = PBXFileReference; explicitFileType = wrapper.cfbundle; includeInIndex = 0; path = FeelingsfyTests.xctest; sourceTree = BUILT_PRODUCTS_DIR; };
		8EB9BE6E2739B12E00804312 /* FeelingsfyTests.swift */ = {isa = PBXFileReference; lastKnownFileType = sourcecode.swift; path = FeelingsfyTests.swift; sourceTree = "<group>"; };
		8EB9BE742739B12E00804312 /* FeelingsfyUITests.xctest */ = {isa = PBXFileReference; explicitFileType = wrapper.cfbundle; includeInIndex = 0; path = FeelingsfyUITests.xctest; sourceTree = BUILT_PRODUCTS_DIR; };
		8EB9BE782739B12E00804312 /* FeelingsfyUITests.swift */ = {isa = PBXFileReference; lastKnownFileType = sourcecode.swift; path = FeelingsfyUITests.swift; sourceTree = "<group>"; };
		8EB9BE7A2739B12E00804312 /* FeelingsfyUITestsLaunchTests.swift */ = {isa = PBXFileReference; lastKnownFileType = sourcecode.swift; path = FeelingsfyUITestsLaunchTests.swift; sourceTree = "<group>"; };
		A44CFCA4274B053F00960B72 /* Feelingsfy-Bridging-Header.h */ = {isa = PBXFileReference; lastKnownFileType = sourcecode.c.h; path = "Feelingsfy-Bridging-Header.h"; sourceTree = "<group>"; };
		A44CFCA5274B08CE00960B72 /* SpotifyiOS.framework */ = {isa = PBXFileReference; lastKnownFileType = wrapper.framework; path = SpotifyiOS.framework; sourceTree = "<group>"; };
		A45C814827445EBD0038C6D0 /* SpotifyLoginViewController.swift */ = {isa = PBXFileReference; lastKnownFileType = sourcecode.swift; path = SpotifyLoginViewController.swift; sourceTree = "<group>"; };
		A45C814A27446A060038C6D0 /* Constants.swift */ = {isa = PBXFileReference; lastKnownFileType = sourcecode.swift; path = Constants.swift; sourceTree = "<group>"; };
		A46009342741D6BE0011330D /* LoginViewController.swift */ = {isa = PBXFileReference; lastKnownFileType = sourcecode.swift; path = LoginViewController.swift; sourceTree = "<group>"; };
		A46009362741D6D50011330D /* FeedViewController.swift */ = {isa = PBXFileReference; lastKnownFileType = sourcecode.swift; path = FeedViewController.swift; sourceTree = "<group>"; };
		A9FB7E955A460546B22894B4 /* Pods-Feelingsfy-FeelingsfyUITests.debug.xcconfig */ = {isa = PBXFileReference; includeInIndex = 1; lastKnownFileType = text.xcconfig; name = "Pods-Feelingsfy-FeelingsfyUITests.debug.xcconfig"; path = "Target Support Files/Pods-Feelingsfy-FeelingsfyUITests/Pods-Feelingsfy-FeelingsfyUITests.debug.xcconfig"; sourceTree = "<group>"; };
		DB52CDA1995A9703377F137D /* Pods_FeelingsfyTests.framework */ = {isa = PBXFileReference; explicitFileType = wrapper.framework; includeInIndex = 0; path = Pods_FeelingsfyTests.framework; sourceTree = BUILT_PRODUCTS_DIR; };
		E3A066306DA8CC6ADAE5B8F1 /* Pods-Feelingsfy.debug.xcconfig */ = {isa = PBXFileReference; includeInIndex = 1; lastKnownFileType = text.xcconfig; name = "Pods-Feelingsfy.debug.xcconfig"; path = "Target Support Files/Pods-Feelingsfy/Pods-Feelingsfy.debug.xcconfig"; sourceTree = "<group>"; };
		EDFD9DA2E9D858E5476B3567 /* Pods_Feelingsfy.framework */ = {isa = PBXFileReference; explicitFileType = wrapper.framework; includeInIndex = 0; path = Pods_Feelingsfy.framework; sourceTree = BUILT_PRODUCTS_DIR; };
/* End PBXFileReference section */

/* Begin PBXFrameworksBuildPhase section */
		8EB9BE512739B12800804312 /* Frameworks */ = {
			isa = PBXFrameworksBuildPhase;
			buildActionMask = 2147483647;
			files = (
				9D82416CB753665C465F66E2 /* Pods_Feelingsfy.framework in Frameworks */,
				A44CFCA6274B08CF00960B72 /* SpotifyiOS.framework in Frameworks */,
			);
			runOnlyForDeploymentPostprocessing = 0;
		};
		8EB9BE672739B12E00804312 /* Frameworks */ = {
			isa = PBXFrameworksBuildPhase;
			buildActionMask = 2147483647;
			files = (
				C65C76C527938DBE9FB76CCB /* Pods_FeelingsfyTests.framework in Frameworks */,
			);
			runOnlyForDeploymentPostprocessing = 0;
		};
		8EB9BE712739B12E00804312 /* Frameworks */ = {
			isa = PBXFrameworksBuildPhase;
			buildActionMask = 2147483647;
			files = (
				46895BA0B66E31EC9AEB0555 /* Pods_Feelingsfy_FeelingsfyUITests.framework in Frameworks */,
			);
			runOnlyForDeploymentPostprocessing = 0;
		};
/* End PBXFrameworksBuildPhase section */

/* Begin PBXGroup section */
		0EC1D4968F619B63D3BB591A /* Frameworks */ = {
			isa = PBXGroup;
			children = (
				A44CFCA5274B08CE00960B72 /* SpotifyiOS.framework */,
				EDFD9DA2E9D858E5476B3567 /* Pods_Feelingsfy.framework */,
				0F0DDA960D126BAE0B8E79C6 /* Pods_Feelingsfy_FeelingsfyUITests.framework */,
				DB52CDA1995A9703377F137D /* Pods_FeelingsfyTests.framework */,
			);
			name = Frameworks;
			sourceTree = "<group>";
		};
		5D4219B1E49D90B627F08154 /* Pods */ = {
			isa = PBXGroup;
			children = (
				E3A066306DA8CC6ADAE5B8F1 /* Pods-Feelingsfy.debug.xcconfig */,
				11FD1F5C46D3481F3779B470 /* Pods-Feelingsfy.release.xcconfig */,
				A9FB7E955A460546B22894B4 /* Pods-Feelingsfy-FeelingsfyUITests.debug.xcconfig */,
				786F519F3694667BA196C0B3 /* Pods-Feelingsfy-FeelingsfyUITests.release.xcconfig */,
				271327BF3A631FDFD2D3BA0F /* Pods-FeelingsfyTests.debug.xcconfig */,
				89FDCE028F5E8272DA6CD93F /* Pods-FeelingsfyTests.release.xcconfig */,
			);
			path = Pods;
			sourceTree = "<group>";
		};
		8EB9BE4B2739B12800804312 = {
			isa = PBXGroup;
			children = (
				8EB9BE562739B12800804312 /* Feelingsfy */,
				8EB9BE6D2739B12E00804312 /* FeelingsfyTests */,
				8EB9BE772739B12E00804312 /* FeelingsfyUITests */,
				8EB9BE552739B12800804312 /* Products */,
				5D4219B1E49D90B627F08154 /* Pods */,
				0EC1D4968F619B63D3BB591A /* Frameworks */,
			);
			sourceTree = "<group>";
		};
		8EB9BE552739B12800804312 /* Products */ = {
			isa = PBXGroup;
			children = (
				8EB9BE542739B12800804312 /* Feelingsfy.app */,
				8EB9BE6A2739B12E00804312 /* FeelingsfyTests.xctest */,
				8EB9BE742739B12E00804312 /* FeelingsfyUITests.xctest */,
			);
			name = Products;
			sourceTree = "<group>";
		};
		8EB9BE562739B12800804312 /* Feelingsfy */ = {
			isa = PBXGroup;
			children = (
				8EB9BE572739B12800804312 /* AppDelegate.swift */,
				8EB9BE592739B12800804312 /* SceneDelegate.swift */,
				8EB9BE5D2739B12900804312 /* Main.storyboard */,
				8EB9BE602739B12D00804312 /* Assets.xcassets */,
				8EB9BE622739B12D00804312 /* LaunchScreen.storyboard */,
				8EB9BE652739B12D00804312 /* Info.plist */,
				A46009342741D6BE0011330D /* LoginViewController.swift */,
				A46009362741D6D50011330D /* FeedViewController.swift */,
				A45C814827445EBD0038C6D0 /* SpotifyLoginViewController.swift */,
				A45C814A27446A060038C6D0 /* Constants.swift */,
				A44CFCA4274B053F00960B72 /* Feelingsfy-Bridging-Header.h */,
			);
			path = Feelingsfy;
			sourceTree = "<group>";
		};
		8EB9BE6D2739B12E00804312 /* FeelingsfyTests */ = {
			isa = PBXGroup;
			children = (
				8EB9BE6E2739B12E00804312 /* FeelingsfyTests.swift */,
			);
			path = FeelingsfyTests;
			sourceTree = "<group>";
		};
		8EB9BE772739B12E00804312 /* FeelingsfyUITests */ = {
			isa = PBXGroup;
			children = (
				8EB9BE782739B12E00804312 /* FeelingsfyUITests.swift */,
				8EB9BE7A2739B12E00804312 /* FeelingsfyUITestsLaunchTests.swift */,
			);
			path = FeelingsfyUITests;
			sourceTree = "<group>";
		};
/* End PBXGroup section */

/* Begin PBXNativeTarget section */
		8EB9BE532739B12800804312 /* Feelingsfy */ = {
			isa = PBXNativeTarget;
			buildConfigurationList = 8EB9BE7E2739B12E00804312 /* Build configuration list for PBXNativeTarget "Feelingsfy" */;
			buildPhases = (
				3FA8B64B4FB14BD197EB5E5C /* [CP] Check Pods Manifest.lock */,
				8EB9BE502739B12800804312 /* Sources */,
				8EB9BE512739B12800804312 /* Frameworks */,
				8EB9BE522739B12800804312 /* Resources */,
				C2486912832DD03B163788B6 /* [CP] Embed Pods Frameworks */,
			);
			buildRules = (
			);
			dependencies = (
			);
			name = Feelingsfy;
			productName = Feelingsfy;
			productReference = 8EB9BE542739B12800804312 /* Feelingsfy.app */;
			productType = "com.apple.product-type.application";
		};
		8EB9BE692739B12E00804312 /* FeelingsfyTests */ = {
			isa = PBXNativeTarget;
			buildConfigurationList = 8EB9BE812739B12E00804312 /* Build configuration list for PBXNativeTarget "FeelingsfyTests" */;
			buildPhases = (
				135160CB914760EE8B2BDD93 /* [CP] Check Pods Manifest.lock */,
				8EB9BE662739B12E00804312 /* Sources */,
				8EB9BE672739B12E00804312 /* Frameworks */,
				8EB9BE682739B12E00804312 /* Resources */,
			);
			buildRules = (
			);
			dependencies = (
				8EB9BE6C2739B12E00804312 /* PBXTargetDependency */,
			);
			name = FeelingsfyTests;
			productName = FeelingsfyTests;
			productReference = 8EB9BE6A2739B12E00804312 /* FeelingsfyTests.xctest */;
			productType = "com.apple.product-type.bundle.unit-test";
		};
		8EB9BE732739B12E00804312 /* FeelingsfyUITests */ = {
			isa = PBXNativeTarget;
			buildConfigurationList = 8EB9BE842739B12E00804312 /* Build configuration list for PBXNativeTarget "FeelingsfyUITests" */;
			buildPhases = (
				BB6AEDC7E3FAD83E5FD0163B /* [CP] Check Pods Manifest.lock */,
				8EB9BE702739B12E00804312 /* Sources */,
				8EB9BE712739B12E00804312 /* Frameworks */,
				8EB9BE722739B12E00804312 /* Resources */,
				4151731241621FAACE83C39E /* [CP] Embed Pods Frameworks */,
			);
			buildRules = (
			);
			dependencies = (
				8EB9BE762739B12E00804312 /* PBXTargetDependency */,
			);
			name = FeelingsfyUITests;
			productName = FeelingsfyUITests;
			productReference = 8EB9BE742739B12E00804312 /* FeelingsfyUITests.xctest */;
			productType = "com.apple.product-type.bundle.ui-testing";
		};
/* End PBXNativeTarget section */

/* Begin PBXProject section */
		8EB9BE4C2739B12800804312 /* Project object */ = {
			isa = PBXProject;
			attributes = {
				BuildIndependentTargetsInParallel = 1;
				LastSwiftUpdateCheck = 1310;
				LastUpgradeCheck = 1310;
				TargetAttributes = {
					8EB9BE532739B12800804312 = {
						CreatedOnToolsVersion = 13.1;
					};
					8EB9BE692739B12E00804312 = {
						CreatedOnToolsVersion = 13.1;
						TestTargetID = 8EB9BE532739B12800804312;
					};
					8EB9BE732739B12E00804312 = {
						CreatedOnToolsVersion = 13.1;
						TestTargetID = 8EB9BE532739B12800804312;
					};
				};
			};
			buildConfigurationList = 8EB9BE4F2739B12800804312 /* Build configuration list for PBXProject "Feelingsfy" */;
			compatibilityVersion = "Xcode 13.0";
			developmentRegion = en;
			hasScannedForEncodings = 0;
			knownRegions = (
				en,
				Base,
			);
			mainGroup = 8EB9BE4B2739B12800804312;
			productRefGroup = 8EB9BE552739B12800804312 /* Products */;
			projectDirPath = "";
			projectRoot = "";
			targets = (
				8EB9BE532739B12800804312 /* Feelingsfy */,
				8EB9BE692739B12E00804312 /* FeelingsfyTests */,
				8EB9BE732739B12E00804312 /* FeelingsfyUITests */,
			);
		};
/* End PBXProject section */

/* Begin PBXResourcesBuildPhase section */
		8EB9BE522739B12800804312 /* Resources */ = {
			isa = PBXResourcesBuildPhase;
			buildActionMask = 2147483647;
			files = (
				8EB9BE642739B12D00804312 /* LaunchScreen.storyboard in Resources */,
				8EB9BE612739B12D00804312 /* Assets.xcassets in Resources */,
				8EB9BE5F2739B12900804312 /* Main.storyboard in Resources */,
			);
			runOnlyForDeploymentPostprocessing = 0;
		};
		8EB9BE682739B12E00804312 /* Resources */ = {
			isa = PBXResourcesBuildPhase;
			buildActionMask = 2147483647;
			files = (
			);
			runOnlyForDeploymentPostprocessing = 0;
		};
		8EB9BE722739B12E00804312 /* Resources */ = {
			isa = PBXResourcesBuildPhase;
			buildActionMask = 2147483647;
			files = (
			);
			runOnlyForDeploymentPostprocessing = 0;
		};
/* End PBXResourcesBuildPhase section */

/* Begin PBXShellScriptBuildPhase section */
		135160CB914760EE8B2BDD93 /* [CP] Check Pods Manifest.lock */ = {
			isa = PBXShellScriptBuildPhase;
			buildActionMask = 2147483647;
			files = (
			);
			inputFileListPaths = (
			);
			inputPaths = (
				"${PODS_PODFILE_DIR_PATH}/Podfile.lock",
				"${PODS_ROOT}/Manifest.lock",
			);
			name = "[CP] Check Pods Manifest.lock";
			outputFileListPaths = (
			);
			outputPaths = (
				"$(DERIVED_FILE_DIR)/Pods-FeelingsfyTests-checkManifestLockResult.txt",
			);
			runOnlyForDeploymentPostprocessing = 0;
			shellPath = /bin/sh;
			shellScript = "diff \"${PODS_PODFILE_DIR_PATH}/Podfile.lock\" \"${PODS_ROOT}/Manifest.lock\" > /dev/null\nif [ $? != 0 ] ; then\n    # print error to STDERR\n    echo \"error: The sandbox is not in sync with the Podfile.lock. Run 'pod install' or update your CocoaPods installation.\" >&2\n    exit 1\nfi\n# This output is used by Xcode 'outputs' to avoid re-running this script phase.\necho \"SUCCESS\" > \"${SCRIPT_OUTPUT_FILE_0}\"\n";
			showEnvVarsInLog = 0;
		};
		3FA8B64B4FB14BD197EB5E5C /* [CP] Check Pods Manifest.lock */ = {
			isa = PBXShellScriptBuildPhase;
			buildActionMask = 2147483647;
			files = (
			);
			inputFileListPaths = (
			);
			inputPaths = (
				"${PODS_PODFILE_DIR_PATH}/Podfile.lock",
				"${PODS_ROOT}/Manifest.lock",
			);
			name = "[CP] Check Pods Manifest.lock";
			outputFileListPaths = (
			);
			outputPaths = (
				"$(DERIVED_FILE_DIR)/Pods-Feelingsfy-checkManifestLockResult.txt",
			);
			runOnlyForDeploymentPostprocessing = 0;
			shellPath = /bin/sh;
			shellScript = "diff \"${PODS_PODFILE_DIR_PATH}/Podfile.lock\" \"${PODS_ROOT}/Manifest.lock\" > /dev/null\nif [ $? != 0 ] ; then\n    # print error to STDERR\n    echo \"error: The sandbox is not in sync with the Podfile.lock. Run 'pod install' or update your CocoaPods installation.\" >&2\n    exit 1\nfi\n# This output is used by Xcode 'outputs' to avoid re-running this script phase.\necho \"SUCCESS\" > \"${SCRIPT_OUTPUT_FILE_0}\"\n";
			showEnvVarsInLog = 0;
		};
		4151731241621FAACE83C39E /* [CP] Embed Pods Frameworks */ = {
			isa = PBXShellScriptBuildPhase;
			buildActionMask = 2147483647;
			files = (
			);
			inputFileListPaths = (
				"${PODS_ROOT}/Target Support Files/Pods-Feelingsfy-FeelingsfyUITests/Pods-Feelingsfy-FeelingsfyUITests-frameworks-${CONFIGURATION}-input-files.xcfilelist",
			);
			name = "[CP] Embed Pods Frameworks";
			outputFileListPaths = (
				"${PODS_ROOT}/Target Support Files/Pods-Feelingsfy-FeelingsfyUITests/Pods-Feelingsfy-FeelingsfyUITests-frameworks-${CONFIGURATION}-output-files.xcfilelist",
			);
			runOnlyForDeploymentPostprocessing = 0;
			shellPath = /bin/sh;
			shellScript = "\"${PODS_ROOT}/Target Support Files/Pods-Feelingsfy-FeelingsfyUITests/Pods-Feelingsfy-FeelingsfyUITests-frameworks.sh\"\n";
			showEnvVarsInLog = 0;
		};
		BB6AEDC7E3FAD83E5FD0163B /* [CP] Check Pods Manifest.lock */ = {
			isa = PBXShellScriptBuildPhase;
			buildActionMask = 2147483647;
			files = (
			);
			inputFileListPaths = (
			);
			inputPaths = (
				"${PODS_PODFILE_DIR_PATH}/Podfile.lock",
				"${PODS_ROOT}/Manifest.lock",
			);
			name = "[CP] Check Pods Manifest.lock";
			outputFileListPaths = (
			);
			outputPaths = (
				"$(DERIVED_FILE_DIR)/Pods-Feelingsfy-FeelingsfyUITests-checkManifestLockResult.txt",
			);
			runOnlyForDeploymentPostprocessing = 0;
			shellPath = /bin/sh;
			shellScript = "diff \"${PODS_PODFILE_DIR_PATH}/Podfile.lock\" \"${PODS_ROOT}/Manifest.lock\" > /dev/null\nif [ $? != 0 ] ; then\n    # print error to STDERR\n    echo \"error: The sandbox is not in sync with the Podfile.lock. Run 'pod install' or update your CocoaPods installation.\" >&2\n    exit 1\nfi\n# This output is used by Xcode 'outputs' to avoid re-running this script phase.\necho \"SUCCESS\" > \"${SCRIPT_OUTPUT_FILE_0}\"\n";
			showEnvVarsInLog = 0;
		};
		C2486912832DD03B163788B6 /* [CP] Embed Pods Frameworks */ = {
			isa = PBXShellScriptBuildPhase;
			buildActionMask = 2147483647;
			files = (
			);
			inputFileListPaths = (
				"${PODS_ROOT}/Target Support Files/Pods-Feelingsfy/Pods-Feelingsfy-frameworks-${CONFIGURATION}-input-files.xcfilelist",
			);
			name = "[CP] Embed Pods Frameworks";
			outputFileListPaths = (
				"${PODS_ROOT}/Target Support Files/Pods-Feelingsfy/Pods-Feelingsfy-frameworks-${CONFIGURATION}-output-files.xcfilelist",
			);
			runOnlyForDeploymentPostprocessing = 0;
			shellPath = /bin/sh;
			shellScript = "\"${PODS_ROOT}/Target Support Files/Pods-Feelingsfy/Pods-Feelingsfy-frameworks.sh\"\n";
			showEnvVarsInLog = 0;
		};
/* End PBXShellScriptBuildPhase section */

/* Begin PBXSourcesBuildPhase section */
		8EB9BE502739B12800804312 /* Sources */ = {
			isa = PBXSourcesBuildPhase;
			buildActionMask = 2147483647;
			files = (
				A45C814927445EBD0038C6D0 /* SpotifyLoginViewController.swift in Sources */,
				A46009352741D6BE0011330D /* LoginViewController.swift in Sources */,
				8EB9BE582739B12800804312 /* AppDelegate.swift in Sources */,
				A46009372741D6D50011330D /* FeedViewController.swift in Sources */,
				8EB9BE5A2739B12800804312 /* SceneDelegate.swift in Sources */,
				A45C814B27446A070038C6D0 /* Constants.swift in Sources */,
			);
			runOnlyForDeploymentPostprocessing = 0;
		};
		8EB9BE662739B12E00804312 /* Sources */ = {
			isa = PBXSourcesBuildPhase;
			buildActionMask = 2147483647;
			files = (
				8EB9BE6F2739B12E00804312 /* FeelingsfyTests.swift in Sources */,
			);
			runOnlyForDeploymentPostprocessing = 0;
		};
		8EB9BE702739B12E00804312 /* Sources */ = {
			isa = PBXSourcesBuildPhase;
			buildActionMask = 2147483647;
			files = (
				8EB9BE7B2739B12E00804312 /* FeelingsfyUITestsLaunchTests.swift in Sources */,
				8EB9BE792739B12E00804312 /* FeelingsfyUITests.swift in Sources */,
			);
			runOnlyForDeploymentPostprocessing = 0;
		};
/* End PBXSourcesBuildPhase section */

/* Begin PBXTargetDependency section */
		8EB9BE6C2739B12E00804312 /* PBXTargetDependency */ = {
			isa = PBXTargetDependency;
			target = 8EB9BE532739B12800804312 /* Feelingsfy */;
			targetProxy = 8EB9BE6B2739B12E00804312 /* PBXContainerItemProxy */;
		};
		8EB9BE762739B12E00804312 /* PBXTargetDependency */ = {
			isa = PBXTargetDependency;
			target = 8EB9BE532739B12800804312 /* Feelingsfy */;
			targetProxy = 8EB9BE752739B12E00804312 /* PBXContainerItemProxy */;
		};
/* End PBXTargetDependency section */

/* Begin PBXVariantGroup section */
		8EB9BE5D2739B12900804312 /* Main.storyboard */ = {
			isa = PBXVariantGroup;
			children = (
				8EB9BE5E2739B12900804312 /* Base */,
			);
			name = Main.storyboard;
			sourceTree = "<group>";
		};
		8EB9BE622739B12D00804312 /* LaunchScreen.storyboard */ = {
			isa = PBXVariantGroup;
			children = (
				8EB9BE632739B12D00804312 /* Base */,
			);
			name = LaunchScreen.storyboard;
			sourceTree = "<group>";
		};
/* End PBXVariantGroup section */

/* Begin XCBuildConfiguration section */
		8EB9BE7C2739B12E00804312 /* Debug */ = {
			isa = XCBuildConfiguration;
			buildSettings = {
				ALWAYS_SEARCH_USER_PATHS = NO;
				CLANG_ANALYZER_NONNULL = YES;
				CLANG_ANALYZER_NUMBER_OBJECT_CONVERSION = YES_AGGRESSIVE;
				CLANG_CXX_LANGUAGE_STANDARD = "gnu++17";
				CLANG_CXX_LIBRARY = "libc++";
				CLANG_ENABLE_MODULES = YES;
				CLANG_ENABLE_OBJC_ARC = YES;
				CLANG_ENABLE_OBJC_WEAK = YES;
				CLANG_WARN_BLOCK_CAPTURE_AUTORELEASING = YES;
				CLANG_WARN_BOOL_CONVERSION = YES;
				CLANG_WARN_COMMA = YES;
				CLANG_WARN_CONSTANT_CONVERSION = YES;
				CLANG_WARN_DEPRECATED_OBJC_IMPLEMENTATIONS = YES;
				CLANG_WARN_DIRECT_OBJC_ISA_USAGE = YES_ERROR;
				CLANG_WARN_DOCUMENTATION_COMMENTS = YES;
				CLANG_WARN_EMPTY_BODY = YES;
				CLANG_WARN_ENUM_CONVERSION = YES;
				CLANG_WARN_INFINITE_RECURSION = YES;
				CLANG_WARN_INT_CONVERSION = YES;
				CLANG_WARN_NON_LITERAL_NULL_CONVERSION = YES;
				CLANG_WARN_OBJC_IMPLICIT_RETAIN_SELF = YES;
				CLANG_WARN_OBJC_LITERAL_CONVERSION = YES;
				CLANG_WARN_OBJC_ROOT_CLASS = YES_ERROR;
				CLANG_WARN_QUOTED_INCLUDE_IN_FRAMEWORK_HEADER = YES;
				CLANG_WARN_RANGE_LOOP_ANALYSIS = YES;
				CLANG_WARN_STRICT_PROTOTYPES = YES;
				CLANG_WARN_SUSPICIOUS_MOVE = YES;
				CLANG_WARN_UNGUARDED_AVAILABILITY = YES_AGGRESSIVE;
				CLANG_WARN_UNREACHABLE_CODE = YES;
				CLANG_WARN__DUPLICATE_METHOD_MATCH = YES;
				COPY_PHASE_STRIP = NO;
				DEBUG_INFORMATION_FORMAT = dwarf;
				ENABLE_STRICT_OBJC_MSGSEND = YES;
				ENABLE_TESTABILITY = YES;
				GCC_C_LANGUAGE_STANDARD = gnu11;
				GCC_DYNAMIC_NO_PIC = NO;
				GCC_NO_COMMON_BLOCKS = YES;
				GCC_OPTIMIZATION_LEVEL = 0;
				GCC_PREPROCESSOR_DEFINITIONS = (
					"DEBUG=1",
					"$(inherited)",
				);
				GCC_WARN_64_TO_32_BIT_CONVERSION = YES;
				GCC_WARN_ABOUT_RETURN_TYPE = YES_ERROR;
				GCC_WARN_UNDECLARED_SELECTOR = YES;
				GCC_WARN_UNINITIALIZED_AUTOS = YES_AGGRESSIVE;
				GCC_WARN_UNUSED_FUNCTION = YES;
				GCC_WARN_UNUSED_VARIABLE = YES;
				IPHONEOS_DEPLOYMENT_TARGET = 15.0;
				MTL_ENABLE_DEBUG_INFO = INCLUDE_SOURCE;
				MTL_FAST_MATH = YES;
				ONLY_ACTIVE_ARCH = YES;
				SDKROOT = iphoneos;
				SWIFT_ACTIVE_COMPILATION_CONDITIONS = DEBUG;
				SWIFT_OPTIMIZATION_LEVEL = "-Onone";
			};
			name = Debug;
		};
		8EB9BE7D2739B12E00804312 /* Release */ = {
			isa = XCBuildConfiguration;
			buildSettings = {
				ALWAYS_SEARCH_USER_PATHS = NO;
				CLANG_ANALYZER_NONNULL = YES;
				CLANG_ANALYZER_NUMBER_OBJECT_CONVERSION = YES_AGGRESSIVE;
				CLANG_CXX_LANGUAGE_STANDARD = "gnu++17";
				CLANG_CXX_LIBRARY = "libc++";
				CLANG_ENABLE_MODULES = YES;
				CLANG_ENABLE_OBJC_ARC = YES;
				CLANG_ENABLE_OBJC_WEAK = YES;
				CLANG_WARN_BLOCK_CAPTURE_AUTORELEASING = YES;
				CLANG_WARN_BOOL_CONVERSION = YES;
				CLANG_WARN_COMMA = YES;
				CLANG_WARN_CONSTANT_CONVERSION = YES;
				CLANG_WARN_DEPRECATED_OBJC_IMPLEMENTATIONS = YES;
				CLANG_WARN_DIRECT_OBJC_ISA_USAGE = YES_ERROR;
				CLANG_WARN_DOCUMENTATION_COMMENTS = YES;
				CLANG_WARN_EMPTY_BODY = YES;
				CLANG_WARN_ENUM_CONVERSION = YES;
				CLANG_WARN_INFINITE_RECURSION = YES;
				CLANG_WARN_INT_CONVERSION = YES;
				CLANG_WARN_NON_LITERAL_NULL_CONVERSION = YES;
				CLANG_WARN_OBJC_IMPLICIT_RETAIN_SELF = YES;
				CLANG_WARN_OBJC_LITERAL_CONVERSION = YES;
				CLANG_WARN_OBJC_ROOT_CLASS = YES_ERROR;
				CLANG_WARN_QUOTED_INCLUDE_IN_FRAMEWORK_HEADER = YES;
				CLANG_WARN_RANGE_LOOP_ANALYSIS = YES;
				CLANG_WARN_STRICT_PROTOTYPES = YES;
				CLANG_WARN_SUSPICIOUS_MOVE = YES;
				CLANG_WARN_UNGUARDED_AVAILABILITY = YES_AGGRESSIVE;
				CLANG_WARN_UNREACHABLE_CODE = YES;
				CLANG_WARN__DUPLICATE_METHOD_MATCH = YES;
				COPY_PHASE_STRIP = NO;
				DEBUG_INFORMATION_FORMAT = "dwarf-with-dsym";
				ENABLE_NS_ASSERTIONS = NO;
				ENABLE_STRICT_OBJC_MSGSEND = YES;
				GCC_C_LANGUAGE_STANDARD = gnu11;
				GCC_NO_COMMON_BLOCKS = YES;
				GCC_WARN_64_TO_32_BIT_CONVERSION = YES;
				GCC_WARN_ABOUT_RETURN_TYPE = YES_ERROR;
				GCC_WARN_UNDECLARED_SELECTOR = YES;
				GCC_WARN_UNINITIALIZED_AUTOS = YES_AGGRESSIVE;
				GCC_WARN_UNUSED_FUNCTION = YES;
				GCC_WARN_UNUSED_VARIABLE = YES;
				IPHONEOS_DEPLOYMENT_TARGET = 15.0;
				MTL_ENABLE_DEBUG_INFO = NO;
				MTL_FAST_MATH = YES;
				SDKROOT = iphoneos;
				SWIFT_COMPILATION_MODE = wholemodule;
				SWIFT_OPTIMIZATION_LEVEL = "-O";
				VALIDATE_PRODUCT = YES;
			};
			name = Release;
		};
		8EB9BE7F2739B12E00804312 /* Debug */ = {
			isa = XCBuildConfiguration;
			baseConfigurationReference = E3A066306DA8CC6ADAE5B8F1 /* Pods-Feelingsfy.debug.xcconfig */;
			buildSettings = {
				ASSETCATALOG_COMPILER_APPICON_NAME = AppIcon;
				ASSETCATALOG_COMPILER_GLOBAL_ACCENT_COLOR_NAME = AccentColor;
				CODE_SIGN_STYLE = Automatic;
				CURRENT_PROJECT_VERSION = 1;
				FRAMEWORK_SEARCH_PATHS = (
					"$(inherited)",
					"$(PROJECT_DIR)",
				);
				GENERATE_INFOPLIST_FILE = YES;
				INFOPLIST_FILE = Feelingsfy/Info.plist;
				INFOPLIST_KEY_UIApplicationSupportsIndirectInputEvents = YES;
				INFOPLIST_KEY_UILaunchStoryboardName = LaunchScreen;
				INFOPLIST_KEY_UIMainStoryboardFile = Main;
				INFOPLIST_KEY_UISupportedInterfaceOrientations_iPad = "UIInterfaceOrientationPortrait UIInterfaceOrientationPortraitUpsideDown UIInterfaceOrientationLandscapeLeft UIInterfaceOrientationLandscapeRight";
				INFOPLIST_KEY_UISupportedInterfaceOrientations_iPhone = "UIInterfaceOrientationPortrait UIInterfaceOrientationLandscapeLeft UIInterfaceOrientationLandscapeRight";
				LD_RUNPATH_SEARCH_PATHS = (
					"$(inherited)",
					"@executable_path/Frameworks",
				);
				MARKETING_VERSION = 1.0;
				OTHER_LDFLAGS = (
					"$(inherited)",
					"-l\"sqlite3\"",
					"-l\"z\"",
					"-framework",
					"\"Alamofire\"",
					"-framework",
					"\"AlamofireImage\"",
					"-framework",
					"\"AudioToolbox\"",
					"-framework",
					"\"Bolts\"",
					"-framework",
					"\"CFNetwork\"",
					"-framework",
					"\"CoreGraphics\"",
					"-framework",
					"\"CoreLocation\"",
					"-framework",
					"\"Parse\"",
					"-framework",
					"\"QuartzCore\"",
					"-framework",
					"\"Security\"",
					"-framework",
					"\"SpotifyLogin\"",
					"-framework",
					"\"StoreKit\"",
					"-framework",
					"\"SystemConfiguration\"",
					"-weak_framework",
					"\"Accounts\"",
					"-weak_framework",
					"\"Social\"",
					"-ObjC",
				);
				PRODUCT_BUNDLE_IDENTIFIER = com.example.Feelingsfy;
				PRODUCT_NAME = "$(TARGET_NAME)";
				SWIFT_EMIT_LOC_STRINGS = YES;
				SWIFT_OBJC_BRIDGING_HEADER = "/Users/sangy/Documents/GitHub/Feelingsify/Feelingsify/Feelingsfy/Feelingsfy/Feelingsfy-Bridging-Header.h";
				SWIFT_VERSION = 5.0;
				TARGETED_DEVICE_FAMILY = "1,2";
			};
			name = Debug;
		};
		8EB9BE802739B12E00804312 /* Release */ = {
			isa = XCBuildConfiguration;
			baseConfigurationReference = 11FD1F5C46D3481F3779B470 /* Pods-Feelingsfy.release.xcconfig */;
			buildSettings = {
				ASSETCATALOG_COMPILER_APPICON_NAME = AppIcon;
				ASSETCATALOG_COMPILER_GLOBAL_ACCENT_COLOR_NAME = AccentColor;
				CODE_SIGN_STYLE = Automatic;
				CURRENT_PROJECT_VERSION = 1;
				FRAMEWORK_SEARCH_PATHS = (
					"$(inherited)",
					"$(PROJECT_DIR)",
				);
				GENERATE_INFOPLIST_FILE = YES;
				INFOPLIST_FILE = Feelingsfy/Info.plist;
				INFOPLIST_KEY_UIApplicationSupportsIndirectInputEvents = YES;
				INFOPLIST_KEY_UILaunchStoryboardName = LaunchScreen;
				INFOPLIST_KEY_UIMainStoryboardFile = Main;
				INFOPLIST_KEY_UISupportedInterfaceOrientations_iPad = "UIInterfaceOrientationPortrait UIInterfaceOrientationPortraitUpsideDown UIInterfaceOrientationLandscapeLeft UIInterfaceOrientationLandscapeRight";
				INFOPLIST_KEY_UISupportedInterfaceOrientations_iPhone = "UIInterfaceOrientationPortrait UIInterfaceOrientationLandscapeLeft UIInterfaceOrientationLandscapeRight";
				LD_RUNPATH_SEARCH_PATHS = (
					"$(inherited)",
					"@executable_path/Frameworks",
				);
				MARKETING_VERSION = 1.0;
				OTHER_LDFLAGS = (
					"$(inherited)",
					"-l\"sqlite3\"",
					"-l\"z\"",
					"-framework",
					"\"Alamofire\"",
					"-framework",
					"\"AlamofireImage\"",
					"-framework",
					"\"AudioToolbox\"",
					"-framework",
					"\"Bolts\"",
					"-framework",
					"\"CFNetwork\"",
					"-framework",
					"\"CoreGraphics\"",
					"-framework",
					"\"CoreLocation\"",
					"-framework",
					"\"Parse\"",
					"-framework",
					"\"QuartzCore\"",
					"-framework",
					"\"Security\"",
					"-framework",
					"\"SpotifyLogin\"",
					"-framework",
					"\"StoreKit\"",
					"-framework",
					"\"SystemConfiguration\"",
					"-weak_framework",
					"\"Accounts\"",
					"-weak_framework",
					"\"Social\"",
					"-ObjC",
				);
				PRODUCT_BUNDLE_IDENTIFIER = com.example.Feelingsfy;
				PRODUCT_NAME = "$(TARGET_NAME)";
				SWIFT_EMIT_LOC_STRINGS = YES;
				SWIFT_OBJC_BRIDGING_HEADER = "/Users/sangy/Documents/GitHub/Feelingsify/Feelingsify/Feelingsfy/Feelingsfy/Feelingsfy-Bridging-Header.h";
				SWIFT_VERSION = 5.0;
				TARGETED_DEVICE_FAMILY = "1,2";
			};
			name = Release;
		};
		8EB9BE822739B12E00804312 /* Debug */ = {
			isa = XCBuildConfiguration;
			baseConfigurationReference = 271327BF3A631FDFD2D3BA0F /* Pods-FeelingsfyTests.debug.xcconfig */;
			buildSettings = {
				ALWAYS_EMBED_SWIFT_STANDARD_LIBRARIES = YES;
				BUNDLE_LOADER = "$(TEST_HOST)";
				CODE_SIGN_STYLE = Automatic;
				CURRENT_PROJECT_VERSION = 1;
				FRAMEWORK_SEARCH_PATHS = (
					"$(inherited)",
					"$(PROJECT_DIR)",
				);
				GENERATE_INFOPLIST_FILE = YES;
				IPHONEOS_DEPLOYMENT_TARGET = 15.0;
				LD_RUNPATH_SEARCH_PATHS = (
					"$(inherited)",
					"@executable_path/Frameworks",
					"@loader_path/Frameworks",
				);
				MARKETING_VERSION = 1.0;
				PRODUCT_BUNDLE_IDENTIFIER = com.example.FeelingsfyTests;
				PRODUCT_NAME = "$(TARGET_NAME)";
				SWIFT_EMIT_LOC_STRINGS = NO;
				SWIFT_VERSION = 5.0;
				TARGETED_DEVICE_FAMILY = "1,2";
				TEST_HOST = "$(BUILT_PRODUCTS_DIR)/Feelingsfy.app/Feelingsfy";
			};
			name = Debug;
		};
		8EB9BE832739B12E00804312 /* Release */ = {
			isa = XCBuildConfiguration;
			baseConfigurationReference = 89FDCE028F5E8272DA6CD93F /* Pods-FeelingsfyTests.release.xcconfig */;
			buildSettings = {
				ALWAYS_EMBED_SWIFT_STANDARD_LIBRARIES = YES;
				BUNDLE_LOADER = "$(TEST_HOST)";
				CODE_SIGN_STYLE = Automatic;
				CURRENT_PROJECT_VERSION = 1;
				FRAMEWORK_SEARCH_PATHS = (
					"$(inherited)",
					"$(PROJECT_DIR)",
				);
				GENERATE_INFOPLIST_FILE = YES;
				IPHONEOS_DEPLOYMENT_TARGET = 15.0;
				LD_RUNPATH_SEARCH_PATHS = (
					"$(inherited)",
					"@executable_path/Frameworks",
					"@loader_path/Frameworks",
				);
				MARKETING_VERSION = 1.0;
				PRODUCT_BUNDLE_IDENTIFIER = com.example.FeelingsfyTests;
				PRODUCT_NAME = "$(TARGET_NAME)";
				SWIFT_EMIT_LOC_STRINGS = NO;
				SWIFT_VERSION = 5.0;
				TARGETED_DEVICE_FAMILY = "1,2";
				TEST_HOST = "$(BUILT_PRODUCTS_DIR)/Feelingsfy.app/Feelingsfy";
			};
			name = Release;
		};
		8EB9BE852739B12E00804312 /* Debug */ = {
			isa = XCBuildConfiguration;
			baseConfigurationReference = A9FB7E955A460546B22894B4 /* Pods-Feelingsfy-FeelingsfyUITests.debug.xcconfig */;
			buildSettings = {
				ALWAYS_EMBED_SWIFT_STANDARD_LIBRARIES = YES;
				CODE_SIGN_STYLE = Automatic;
				CURRENT_PROJECT_VERSION = 1;
				GENERATE_INFOPLIST_FILE = YES;
				LD_RUNPATH_SEARCH_PATHS = (
					"$(inherited)",
					"@executable_path/Frameworks",
					"@loader_path/Frameworks",
				);
				MARKETING_VERSION = 1.0;
				PRODUCT_BUNDLE_IDENTIFIER = com.example.FeelingsfyUITests;
				PRODUCT_NAME = "$(TARGET_NAME)";
				SWIFT_EMIT_LOC_STRINGS = NO;
				SWIFT_VERSION = 5.0;
				TARGETED_DEVICE_FAMILY = "1,2";
				TEST_TARGET_NAME = Feelingsfy;
			};
			name = Debug;
		};
		8EB9BE862739B12E00804312 /* Release */ = {
			isa = XCBuildConfiguration;
			baseConfigurationReference = 786F519F3694667BA196C0B3 /* Pods-Feelingsfy-FeelingsfyUITests.release.xcconfig */;
			buildSettings = {
				ALWAYS_EMBED_SWIFT_STANDARD_LIBRARIES = YES;
				CODE_SIGN_STYLE = Automatic;
				CURRENT_PROJECT_VERSION = 1;
				GENERATE_INFOPLIST_FILE = YES;
				LD_RUNPATH_SEARCH_PATHS = (
					"$(inherited)",
					"@executable_path/Frameworks",
					"@loader_path/Frameworks",
				);
				MARKETING_VERSION = 1.0;
				PRODUCT_BUNDLE_IDENTIFIER = com.example.FeelingsfyUITests;
				PRODUCT_NAME = "$(TARGET_NAME)";
				SWIFT_EMIT_LOC_STRINGS = NO;
				SWIFT_VERSION = 5.0;
				TARGETED_DEVICE_FAMILY = "1,2";
				TEST_TARGET_NAME = Feelingsfy;
			};
			name = Release;
		};
/* End XCBuildConfiguration section */

/* Begin XCConfigurationList section */
		8EB9BE4F2739B12800804312 /* Build configuration list for PBXProject "Feelingsfy" */ = {
			isa = XCConfigurationList;
			buildConfigurations = (
				8EB9BE7C2739B12E00804312 /* Debug */,
				8EB9BE7D2739B12E00804312 /* Release */,
			);
			defaultConfigurationIsVisible = 0;
			defaultConfigurationName = Release;
		};
		8EB9BE7E2739B12E00804312 /* Build configuration list for PBXNativeTarget "Feelingsfy" */ = {
			isa = XCConfigurationList;
			buildConfigurations = (
				8EB9BE7F2739B12E00804312 /* Debug */,
				8EB9BE802739B12E00804312 /* Release */,
			);
			defaultConfigurationIsVisible = 0;
			defaultConfigurationName = Release;
		};
		8EB9BE812739B12E00804312 /* Build configuration list for PBXNativeTarget "FeelingsfyTests" */ = {
			isa = XCConfigurationList;
			buildConfigurations = (
				8EB9BE822739B12E00804312 /* Debug */,
				8EB9BE832739B12E00804312 /* Release */,
			);
			defaultConfigurationIsVisible = 0;
			defaultConfigurationName = Release;
		};
		8EB9BE842739B12E00804312 /* Build configuration list for PBXNativeTarget "FeelingsfyUITests" */ = {
			isa = XCConfigurationList;
			buildConfigurations = (
				8EB9BE852739B12E00804312 /* Debug */,
				8EB9BE862739B12E00804312 /* Release */,
			);
			defaultConfigurationIsVisible = 0;
			defaultConfigurationName = Release;
		};
/* End XCConfigurationList section */
	};
	rootObject = 8EB9BE4C2739B12800804312 /* Project object */;
}
